
Microsoft Visual Studio Solution File, Format Version 12.00
# Visual Studio 15
VisualStudioVersion = 15.0.27428.2015
MinimumVisualStudioVersion = 10.0.40219.1
Project("{FAE04EC0-301F-11D3-BF4B-00C04F79EFBC}") = "SizeYou.Android", "SizeYou\SizeYou.Android\SizeYou.Android.csproj", "{8C332C13-783B-49BC-8E2F-9179EBC3E604}"
EndProject
Project("{FAE04EC0-301F-11D3-BF4B-00C04F79EFBC}") = "SizeYou.iOS", "SizeYou\SizeYou.iOS\SizeYou.iOS.csproj", "{29EFEADF-1F4C-43F7-8F7F-A9A95B00C91E}"
EndProject
Project("{FAE04EC0-301F-11D3-BF4B-00C04F79EFBC}") = "SizeYou.UWP", "SizeYou\SizeYou.UWP\SizeYou.UWP.csproj", "{569C92AA-89AE-46D3-AB61-ED188CDE1376}"
EndProject
Project("{D954291E-2A0B-460D-934E-DC6B0785DB48}") = "SizeYou", "SizeYou\SizeYou\SizeYou.shproj", "{FF368C7E-F0FA-444B-BAD3-57694B2DC6C6}"
EndProject
Global
	GlobalSection(SharedMSBuildProjectFiles) = preSolution
		SizeYou\SizeYou\SizeYou.projitems*{29efeadf-1f4c-43f7-8f7f-a9a95b00c91e}*SharedItemsImports = 4
		SizeYou\SizeYou\SizeYou.projitems*{569c92aa-89ae-46d3-ab61-ed188cde1376}*SharedItemsImports = 4
		SizeYou\SizeYou\SizeYou.projitems*{8c332c13-783b-49bc-8e2f-9179ebc3e604}*SharedItemsImports = 4
		SizeYou\SizeYou\SizeYou.projitems*{ff368c7e-f0fa-444b-bad3-57694b2dc6c6}*SharedItemsImports = 13
	EndGlobalSection
	GlobalSection(SolutionConfigurationPlatforms) = preSolution
		Ad-Hoc|Any CPU = Ad-Hoc|Any CPU
		Ad-Hoc|ARM = Ad-Hoc|ARM
		Ad-Hoc|iPhone = Ad-Hoc|iPhone
		Ad-Hoc|iPhoneSimulator = Ad-Hoc|iPhoneSimulator
		Ad-Hoc|x64 = Ad-Hoc|x64
		Ad-Hoc|x86 = Ad-Hoc|x86
		AppStore|Any CPU = AppStore|Any CPU
		AppStore|ARM = AppStore|ARM
		AppStore|iPhone = AppStore|iPhone
		AppStore|iPhoneSimulator = AppStore|iPhoneSimulator
		AppStore|x64 = AppStore|x64
		AppStore|x86 = AppStore|x86
		Debug|Any CPU = Debug|Any CPU
		Debug|ARM = Debug|ARM
		Debug|iPhone = Debug|iPhone
		Debug|iPhoneSimulator = Debug|iPhoneSimulator
		Debug|x64 = Debug|x64
		Debug|x86 = Debug|x86
		Release|Any CPU = Release|Any CPU
		Release|ARM = Release|ARM
		Release|iPhone = Release|iPhone
		Release|iPhoneSimulator = Release|iPhoneSimulator
		Release|x64 = Release|x64
		Release|x86 = Release|x86
	EndGlobalSection
	GlobalSection(ProjectConfigurationPlatforms) = postSolution
		{8C332C13-783B-49BC-8E2F-9179EBC3E604}.Ad-Hoc|Any CPU.ActiveCfg = Release|Any CPU
		{8C332C13-783B-49BC-8E2F-9179EBC3E604}.Ad-Hoc|Any CPU.Build.0 = Release|Any CPU
		{8C332C13-783B-49BC-8E2F-9179EBC3E604}.Ad-Hoc|Any CPU.Deploy.0 = Release|Any CPU
		{8C332C13-783B-49BC-8E2F-9179EBC3E604}.Ad-Hoc|ARM.ActiveCfg = Release|Any CPU
		{8C332C13-783B-49BC-8E2F-9179EBC3E604}.Ad-Hoc|ARM.Build.0 = Release|Any CPU
		{8C332C13-783B-49BC-8E2F-9179EBC3E604}.Ad-Hoc|ARM.Deploy.0 = Release|Any CPU
		{8C332C13-783B-49BC-8E2F-9179EBC3E604}.Ad-Hoc|iPhone.ActiveCfg = Release|Any CPU
		{8C332C13-783B-49BC-8E2F-9179EBC3E604}.Ad-Hoc|iPhone.Build.0 = Release|Any CPU
		{8C332C13-783B-49BC-8E2F-9179EBC3E604}.Ad-Hoc|iPhone.Deploy.0 = Release|Any CPU
		{8C332C13-783B-49BC-8E2F-9179EBC3E604}.Ad-Hoc|iPhoneSimulator.ActiveCfg = Release|Any CPU
		{8C332C13-783B-49BC-8E2F-9179EBC3E604}.Ad-Hoc|iPhoneSimulator.Build.0 = Release|Any CPU
		{8C332C13-783B-49BC-8E2F-9179EBC3E604}.Ad-Hoc|iPhoneSimulator.Deploy.0 = Release|Any CPU
		{8C332C13-783B-49BC-8E2F-9179EBC3E604}.Ad-Hoc|x64.ActiveCfg = Release|Any CPU
		{8C332C13-783B-49BC-8E2F-9179EBC3E604}.Ad-Hoc|x64.Build.0 = Release|Any CPU
		{8C332C13-783B-49BC-8E2F-9179EBC3E604}.Ad-Hoc|x64.Deploy.0 = Release|Any CPU
		{8C332C13-783B-49BC-8E2F-9179EBC3E604}.Ad-Hoc|x86.ActiveCfg = Release|Any CPU
		{8C332C13-783B-49BC-8E2F-9179EBC3E604}.Ad-Hoc|x86.Build.0 = Release|Any CPU
		{8C332C13-783B-49BC-8E2F-9179EBC3E604}.Ad-Hoc|x86.Deploy.0 = Release|Any CPU
		{8C332C13-783B-49BC-8E2F-9179EBC3E604}.AppStore|Any CPU.ActiveCfg = Release|Any CPU
		{8C332C13-783B-49BC-8E2F-9179EBC3E604}.AppStore|Any CPU.Build.0 = Release|Any CPU
		{8C332C13-783B-49BC-8E2F-9179EBC3E604}.AppStore|Any CPU.Deploy.0 = Release|Any CPU
		{8C332C13-783B-49BC-8E2F-9179EBC3E604}.AppStore|ARM.ActiveCfg = Release|Any CPU
		{8C332C13-783B-49BC-8E2F-9179EBC3E604}.AppStore|ARM.Build.0 = Release|Any CPU
		{8C332C13-783B-49BC-8E2F-9179EBC3E604}.AppStore|ARM.Deploy.0 = Release|Any CPU
		{8C332C13-783B-49BC-8E2F-9179EBC3E604}.AppStore|iPhone.ActiveCfg = Release|Any CPU
		{8C332C13-783B-49BC-8E2F-9179EBC3E604}.AppStore|iPhone.Build.0 = Release|Any CPU
		{8C332C13-783B-49BC-8E2F-9179EBC3E604}.AppStore|iPhone.Deploy.0 = Release|Any CPU
		{8C332C13-783B-49BC-8E2F-9179EBC3E604}.AppStore|iPhoneSimulator.ActiveCfg = Release|Any CPU
		{8C332C13-783B-49BC-8E2F-9179EBC3E604}.AppStore|iPhoneSimulator.Build.0 = Release|Any CPU
		{8C332C13-783B-49BC-8E2F-9179EBC3E604}.AppStore|iPhoneSimulator.Deploy.0 = Release|Any CPU
		{8C332C13-783B-49BC-8E2F-9179EBC3E604}.AppStore|x64.ActiveCfg = Release|Any CPU
		{8C332C13-783B-49BC-8E2F-9179EBC3E604}.AppStore|x64.Build.0 = Release|Any CPU
		{8C332C13-783B-49BC-8E2F-9179EBC3E604}.AppStore|x64.Deploy.0 = Release|Any CPU
		{8C332C13-783B-49BC-8E2F-9179EBC3E604}.AppStore|x86.ActiveCfg = Release|Any CPU
		{8C332C13-783B-49BC-8E2F-9179EBC3E604}.AppStore|x86.Build.0 = Release|Any CPU
		{8C332C13-783B-49BC-8E2F-9179EBC3E604}.AppStore|x86.Deploy.0 = Release|Any CPU
		{8C332C13-783B-49BC-8E2F-9179EBC3E604}.Debug|Any CPU.ActiveCfg = Debug|Any CPU
		{8C332C13-783B-49BC-8E2F-9179EBC3E604}.Debug|Any CPU.Build.0 = Debug|Any CPU
		{8C332C13-783B-49BC-8E2F-9179EBC3E604}.Debug|Any CPU.Deploy.0 = Debug|Any CPU
		{8C332C13-783B-49BC-8E2F-9179EBC3E604}.Debug|ARM.ActiveCfg = Debug|Any CPU
		{8C332C13-783B-49BC-8E2F-9179EBC3E604}.Debug|ARM.Build.0 = Debug|Any CPU
		{8C332C13-783B-49BC-8E2F-9179EBC3E604}.Debug|ARM.Deploy.0 = Debug|Any CPU
		{8C332C13-783B-49BC-8E2F-9179EBC3E604}.Debug|iPhone.ActiveCfg = Debug|Any CPU
		{8C332C13-783B-49BC-8E2F-9179EBC3E604}.Debug|iPhone.Build.0 = Debug|Any CPU
		{8C332C13-783B-49BC-8E2F-9179EBC3E604}.Debug|iPhone.Deploy.0 = Debug|Any CPU
		{8C332C13-783B-49BC-8E2F-9179EBC3E604}.Debug|iPhoneSimulator.ActiveCfg = Debug|Any CPU
		{8C332C13-783B-49BC-8E2F-9179EBC3E604}.Debug|iPhoneSimulator.Build.0 = Debug|Any CPU
		{8C332C13-783B-49BC-8E2F-9179EBC3E604}.Debug|iPhoneSimulator.Deploy.0 = Debug|Any CPU
		{8C332C13-783B-49BC-8E2F-9179EBC3E604}.Debug|x64.ActiveCfg = Debug|Any CPU
		{8C332C13-783B-49BC-8E2F-9179EBC3E604}.Debug|x64.Build.0 = Debug|Any CPU
		{8C332C13-783B-49BC-8E2F-9179EBC3E604}.Debug|x64.Deploy.0 = Debug|Any CPU
		{8C332C13-783B-49BC-8E2F-9179EBC3E604}.Debug|x86.ActiveCfg = Debug|Any CPU
		{8C332C13-783B-49BC-8E2F-9179EBC3E604}.Debug|x86.Build.0 = Debug|Any CPU
		{8C332C13-783B-49BC-8E2F-9179EBC3E604}.Debug|x86.Deploy.0 = Debug|Any CPU
		{8C332C13-783B-49BC-8E2F-9179EBC3E604}.Release|Any CPU.ActiveCfg = Release|Any CPU
		{8C332C13-783B-49BC-8E2F-9179EBC3E604}.Release|Any CPU.Build.0 = Release|Any CPU
		{8C332C13-783B-49BC-8E2F-9179EBC3E604}.Release|Any CPU.Deploy.0 = Release|Any CPU
		{8C332C13-783B-49BC-8E2F-9179EBC3E604}.Release|ARM.ActiveCfg = Release|Any CPU
		{8C332C13-783B-49BC-8E2F-9179EBC3E604}.Release|ARM.Build.0 = Release|Any CPU
		{8C332C13-783B-49BC-8E2F-9179EBC3E604}.Release|ARM.Deploy.0 = Release|Any CPU
		{8C332C13-783B-49BC-8E2F-9179EBC3E604}.Release|iPhone.ActiveCfg = Release|Any CPU
		{8C332C13-783B-49BC-8E2F-9179EBC3E604}.Release|iPhone.Build.0 = Release|Any CPU
		{8C332C13-783B-49BC-8E2F-9179EBC3E604}.Release|iPhone.Deploy.0 = Release|Any CPU
		{8C332C13-783B-49BC-8E2F-9179EBC3E604}.Release|iPhoneSimulator.ActiveCfg = Release|Any CPU
		{8C332C13-783B-49BC-8E2F-9179EBC3E604}.Release|iPhoneSimulator.Build.0 = Release|Any CPU
		{8C332C13-783B-49BC-8E2F-9179EBC3E604}.Release|iPhoneSimulator.Deploy.0 = Release|Any CPU
		{8C332C13-783B-49BC-8E2F-9179EBC3E604}.Release|x64.ActiveCfg = Release|Any CPU
		{8C332C13-783B-49BC-8E2F-9179EBC3E604}.Release|x64.Build.0 = Release|Any CPU
		{8C332C13-783B-49BC-8E2F-9179EBC3E604}.Release|x64.Deploy.0 = Release|Any CPU
		{8C332C13-783B-49BC-8E2F-9179EBC3E604}.Release|x86.ActiveCfg = Release|Any CPU
		{8C332C13-783B-49BC-8E2F-9179EBC3E604}.Release|x86.Build.0 = Release|Any CPU
		{8C332C13-783B-49BC-8E2F-9179EBC3E604}.Release|x86.Deploy.0 = Release|Any CPU
		{29EFEADF-1F4C-43F7-8F7F-A9A95B00C91E}.Ad-Hoc|Any CPU.ActiveCfg = Ad-Hoc|iPhone
		{29EFEADF-1F4C-43F7-8F7F-A9A95B00C91E}.Ad-Hoc|ARM.ActiveCfg = Ad-Hoc|iPhone
		{29EFEADF-1F4C-43F7-8F7F-A9A95B00C91E}.Ad-Hoc|iPhone.ActiveCfg = Ad-Hoc|iPhone
		{29EFEADF-1F4C-43F7-8F7F-A9A95B00C91E}.Ad-Hoc|iPhone.Build.0 = Ad-Hoc|iPhone
		{29EFEADF-1F4C-43F7-8F7F-A9A95B00C91E}.Ad-Hoc|iPhoneSimulator.ActiveCfg = Ad-Hoc|iPhoneSimulator
		{29EFEADF-1F4C-43F7-8F7F-A9A95B00C91E}.Ad-Hoc|iPhoneSimulator.Build.0 = Ad-Hoc|iPhoneSimulator
		{29EFEADF-1F4C-43F7-8F7F-A9A95B00C91E}.Ad-Hoc|x64.ActiveCfg = Ad-Hoc|iPhone
		{29EFEADF-1F4C-43F7-8F7F-A9A95B00C91E}.Ad-Hoc|x86.ActiveCfg = Ad-Hoc|iPhone
		{29EFEADF-1F4C-43F7-8F7F-A9A95B00C91E}.AppStore|Any CPU.ActiveCfg = AppStore|iPhone
		{29EFEADF-1F4C-43F7-8F7F-A9A95B00C91E}.AppStore|ARM.ActiveCfg = AppStore|iPhone
		{29EFEADF-1F4C-43F7-8F7F-A9A95B00C91E}.AppStore|iPhone.ActiveCfg = AppStore|iPhone
		{29EFEADF-1F4C-43F7-8F7F-A9A95B00C91E}.AppStore|iPhone.Build.0 = AppStore|iPhone
		{29EFEADF-1F4C-43F7-8F7F-A9A95B00C91E}.AppStore|iPhoneSimulator.ActiveCfg = AppStore|iPhoneSimulator
		{29EFEADF-1F4C-43F7-8F7F-A9A95B00C91E}.AppStore|iPhoneSimulator.Build.0 = AppStore|iPhoneSimulator
		{29EFEADF-1F4C-43F7-8F7F-A9A95B00C91E}.AppStore|x64.ActiveCfg = AppStore|iPhone
		{29EFEADF-1F4C-43F7-8F7F-A9A95B00C91E}.AppStore|x86.ActiveCfg = AppStore|iPhone
		{29EFEADF-1F4C-43F7-8F7F-A9A95B00C91E}.Debug|Any CPU.ActiveCfg = Debug|iPhone
		{29EFEADF-1F4C-43F7-8F7F-A9A95B00C91E}.Debug|ARM.ActiveCfg = Debug|iPhone
		{29EFEADF-1F4C-43F7-8F7F-A9A95B00C91E}.Debug|iPhone.ActiveCfg = Debug|iPhone
		{29EFEADF-1F4C-43F7-8F7F-A9A95B00C91E}.Debug|iPhone.Build.0 = Debug|iPhone
		{29EFEADF-1F4C-43F7-8F7F-A9A95B00C91E}.Debug|iPhoneSimulator.ActiveCfg = Debug|iPhoneSimulator
		{29EFEADF-1F4C-43F7-8F7F-A9A95B00C91E}.Debug|iPhoneSimulator.Build.0 = Debug|iPhoneSimulator
		{29EFEADF-1F4C-43F7-8F7F-A9A95B00C91E}.Debug|x64.ActiveCfg = Debug|iPhone
		{29EFEADF-1F4C-43F7-8F7F-A9A95B00C91E}.Debug|x86.ActiveCfg = Debug|iPhone
		{29EFEADF-1F4C-43F7-8F7F-A9A95B00C91E}.Release|Any CPU.ActiveCfg = Release|iPhone
		{29EFEADF-1F4C-43F7-8F7F-A9A95B00C91E}.Release|ARM.ActiveCfg = Release|iPhone
		{29EFEADF-1F4C-43F7-8F7F-A9A95B00C91E}.Release|iPhone.ActiveCfg = Release|iPhone
		{29EFEADF-1F4C-43F7-8F7F-A9A95B00C91E}.Release|iPhone.Build.0 = Release|iPhone
		{29EFEADF-1F4C-43F7-8F7F-A9A95B00C91E}.Release|iPhoneSimulator.ActiveCfg = Release|iPhoneSimulator
		{29EFEADF-1F4C-43F7-8F7F-A9A95B00C91E}.Release|iPhoneSimulator.Build.0 = Release|iPhoneSimulator
		{29EFEADF-1F4C-43F7-8F7F-A9A95B00C91E}.Release|x64.ActiveCfg = Release|iPhone
		{29EFEADF-1F4C-43F7-8F7F-A9A95B00C91E}.Release|x86.ActiveCfg = Release|iPhone
		{569C92AA-89AE-46D3-AB61-ED188CDE1376}.Ad-Hoc|Any CPU.ActiveCfg = Release|x86
		{569C92AA-89AE-46D3-AB61-ED188CDE1376}.Ad-Hoc|Any CPU.Build.0 = Release|x86
		{569C92AA-89AE-46D3-AB61-ED188CDE1376}.Ad-Hoc|Any CPU.Deploy.0 = Release|x86
		{569C92AA-89AE-46D3-AB61-ED188CDE1376}.Ad-Hoc|ARM.ActiveCfg = Release|ARM
		{569C92AA-89AE-46D3-AB61-ED188CDE1376}.Ad-Hoc|ARM.Build.0 = Release|ARM
		{569C92AA-89AE-46D3-AB61-ED188CDE1376}.Ad-Hoc|ARM.Deploy.0 = Release|ARM
		{569C92AA-89AE-46D3-AB61-ED188CDE1376}.Ad-Hoc|iPhone.ActiveCfg = Release|x86
		{569C92AA-89AE-46D3-AB61-ED188CDE1376}.Ad-Hoc|iPhone.Build.0 = Release|x86
		{569C92AA-89AE-46D3-AB61-ED188CDE1376}.Ad-Hoc|iPhone.Deploy.0 = Release|x86
		{569C92AA-89AE-46D3-AB61-ED188CDE1376}.Ad-Hoc|iPhoneSimulator.ActiveCfg = Release|x86
		{569C92AA-89AE-46D3-AB61-ED188CDE1376}.Ad-Hoc|iPhoneSimulator.Build.0 = Release|x86
		{569C92AA-89AE-46D3-AB61-ED188CDE1376}.Ad-Hoc|iPhoneSimulator.Deploy.0 = Release|x86
		{569C92AA-89AE-46D3-AB61-ED188CDE1376}.Ad-Hoc|x64.ActiveCfg = Release|x64
		{569C92AA-89AE-46D3-AB61-ED188CDE1376}.Ad-Hoc|x64.Build.0 = Release|x64
		{569C92AA-89AE-46D3-AB61-ED188CDE1376}.Ad-Hoc|x64.Deploy.0 = Release|x64
		{569C92AA-89AE-46D3-AB61-ED188CDE1376}.Ad-Hoc|x86.ActiveCfg = Release|x86
		{569C92AA-89AE-46D3-AB61-ED188CDE1376}.Ad-Hoc|x86.Build.0 = Release|x86
		{569C92AA-89AE-46D3-AB61-ED188CDE1376}.Ad-Hoc|x86.Deploy.0 = Release|x86
		{569C92AA-89AE-46D3-AB61-ED188CDE1376}.AppStore|Any CPU.ActiveCfg = Release|x86
		{569C92AA-89AE-46D3-AB61-ED188CDE1376}.AppStore|Any CPU.Build.0 = Release|x86
		{569C92AA-89AE-46D3-AB61-ED188CDE1376}.AppStore|Any CPU.Deploy.0 = Release|x86
		{569C92AA-89AE-46D3-AB61-ED188CDE1376}.AppStore|ARM.ActiveCfg = Release|ARM
		{569C92AA-89AE-46D3-AB61-ED188CDE1376}.AppStore|ARM.Build.0 = Release|ARM
		{569C92AA-89AE-46D3-AB61-ED188CDE1376}.AppStore|ARM.Deploy.0 = Release|ARM
		{569C92AA-89AE-46D3-AB61-ED188CDE1376}.AppStore|iPhone.ActiveCfg = Release|x86
		{569C92AA-89AE-46D3-AB61-ED188CDE1376}.AppStore|iPhone.Build.0 = Release|x86
		{569C92AA-89AE-46D3-AB61-ED188CDE1376}.AppStore|iPhone.Deploy.0 = Release|x86
		{569C92AA-89AE-46D3-AB61-ED188CDE1376}.AppStore|iPhoneSimulator.ActiveCfg = Release|x86
		{569C92AA-89AE-46D3-AB61-ED188CDE1376}.AppStore|iPhoneSimulator.Build.0 = Release|x86
		{569C92AA-89AE-46D3-AB61-ED188CDE1376}.AppStore|iPhoneSimulator.Deploy.0 = Release|x86
		{569C92AA-89AE-46D3-AB61-ED188CDE1376}.AppStore|x64.ActiveCfg = Release|x64
		{569C92AA-89AE-46D3-AB61-ED188CDE1376}.AppStore|x64.Build.0 = Release|x64
		{569C92AA-89AE-46D3-AB61-ED188CDE1376}.AppStore|x64.Deploy.0 = Release|x64
		{569C92AA-89AE-46D3-AB61-ED188CDE1376}.AppStore|x86.ActiveCfg = Release|x86
		{569C92AA-89AE-46D3-AB61-ED188CDE1376}.AppStore|x86.Build.0 = Release|x86
		{569C92AA-89AE-46D3-AB61-ED188CDE1376}.AppStore|x86.Deploy.0 = Release|x86
		{569C92AA-89AE-46D3-AB61-ED188CDE1376}.Debug|Any CPU.ActiveCfg = Debug|x86
		{569C92AA-89AE-46D3-AB61-ED188CDE1376}.Debug|ARM.ActiveCfg = Debug|ARM
		{569C92AA-89AE-46D3-AB61-ED188CDE1376}.Debug|ARM.Build.0 = Debug|ARM
		{569C92AA-89AE-46D3-AB61-ED188CDE1376}.Debug|ARM.Deploy.0 = Debug|ARM
		{569C92AA-89AE-46D3-AB61-ED188CDE1376}.Debug|iPhone.ActiveCfg = Debug|x86
		{569C92AA-89AE-46D3-AB61-ED188CDE1376}.Debug|iPhoneSimulator.ActiveCfg = Debug|x86
		{569C92AA-89AE-46D3-AB61-ED188CDE1376}.Debug|x64.ActiveCfg = Debug|x64
		{569C92AA-89AE-46D3-AB61-ED188CDE1376}.Debug|x64.Build.0 = Debug|x64
		{569C92AA-89AE-46D3-AB61-ED188CDE1376}.Debug|x64.Deploy.0 = Debug|x64
		{569C92AA-89AE-46D3-AB61-ED188CDE1376}.Debug|x86.ActiveCfg = Debug|x86
		{569C92AA-89AE-46D3-AB61-ED188CDE1376}.Debug|x86.Build.0 = Debug|x86
		{569C92AA-89AE-46D3-AB61-ED188CDE1376}.Debug|x86.Deploy.0 = Debug|x86
		{569C92AA-89AE-46D3-AB61-ED188CDE1376}.Release|Any CPU.ActiveCfg = Release|x86
		{569C92AA-89AE-46D3-AB61-ED188CDE1376}.Release|ARM.ActiveCfg = Release|ARM
		{569C92AA-89AE-46D3-AB61-ED188CDE1376}.Release|ARM.Build.0 = Release|ARM
		{569C92AA-89AE-46D3-AB61-ED188CDE1376}.Release|ARM.Deploy.0 = Release|ARM
		{569C92AA-89AE-46D3-AB61-ED188CDE1376}.Release|iPhone.ActiveCfg = Release|x86
		{569C92AA-89AE-46D3-AB61-ED188CDE1376}.Release|iPhoneSimulator.ActiveCfg = Release|x86
		{569C92AA-89AE-46D3-AB61-ED188CDE1376}.Release|x64.ActiveCfg = Release|x64
		{569C92AA-89AE-46D3-AB61-ED188CDE1376}.Release|x64.Build.0 = Release|x64
		{569C92AA-89AE-46D3-AB61-ED188CDE1376}.Release|x64.Deploy.0 = Release|x64
		{569C92AA-89AE-46D3-AB61-ED188CDE1376}.Release|x86.ActiveCfg = Release|x86
		{569C92AA-89AE-46D3-AB61-ED188CDE1376}.Release|x86.Build.0 = Release|x86
		{569C92AA-89AE-46D3-AB61-ED188CDE1376}.Release|x86.Deploy.0 = Release|x86
	EndGlobalSection
	GlobalSection(SolutionProperties) = preSolution
		HideSolutionNode = FALSE
	EndGlobalSection
	GlobalSection(ExtensibilityGlobals) = postSolution
		SolutionGuid = {61233D9E-4BCB-46D9-A287-339C1281C5A1}
	EndGlobalSection
EndGlobal
